
Microsoft Visual Studio Solution File, Format Version 12.00
# Visual Studio Version 16
VisualStudioVersion = 16.0.30717.126
MinimumVisualStudioVersion = 10.0.40219.1
Project("{9A19103F-16F7-4668-BE54-9A1E7A4F7556}") = "Task1", "Task1\Task1.csproj", "{F34CD4D0-0373-42B4-B716-A3593E4E4947}"
EndProject
Project("{FAE04EC0-301F-11D3-BF4B-00C04F79EFBC}") = "Task2", "Task2\Task2.csproj", "{4D8FA3AA-829E-4509-9D3C-18A11CDFCCFA}"
EndProject
Project("{FAE04EC0-301F-11D3-BF4B-00C04F79EFBC}") = "Task3", "Task3\Task3.csproj", "{FB2CD171-6809-40EB-85D3-650C5B8285BF}"
EndProject
Project("{FAE04EC0-301F-11D3-BF4B-00C04F79EFBC}") = "AdditionalTask", "AdditionalTask\AdditionalTask.csproj", "{B6B143CA-E602-4BD9-B376-2F3ABB937CCC}"
EndProject
Global
	GlobalSection(SolutionConfigurationPlatforms) = preSolution
		Debug|Any CPU = Debug|Any CPU
		Release|Any CPU = Release|Any CPU
	EndGlobalSection
	GlobalSection(ProjectConfigurationPlatforms) = postSolution
		{F34CD4D0-0373-42B4-B716-A3593E4E4947}.Debug|Any CPU.ActiveCfg = Debug|Any CPU
		{F34CD4D0-0373-42B4-B716-A3593E4E4947}.Debug|Any CPU.Build.0 = Debug|Any CPU
		{F34CD4D0-0373-42B4-B716-A3593E4E4947}.Release|Any CPU.ActiveCfg = Release|Any CPU
		{F34CD4D0-0373-42B4-B716-A3593E4E4947}.Release|Any CPU.Build.0 = Release|Any CPU
		{4D8FA3AA-829E-4509-9D3C-18A11CDFCCFA}.Debug|Any CPU.ActiveCfg = Debug|Any CPU
		{4D8FA3AA-829E-4509-9D3C-18A11CDFCCFA}.Debug|Any CPU.Build.0 = Debug|Any CPU
		{4D8FA3AA-829E-4509-9D3C-18A11CDFCCFA}.Release|Any CPU.ActiveCfg = Release|Any CPU
		{4D8FA3AA-829E-4509-9D3C-18A11CDFCCFA}.Release|Any CPU.Build.0 = Release|Any CPU
		{FB2CD171-6809-40EB-85D3-650C5B8285BF}.Debug|Any CPU.ActiveCfg = Debug|Any CPU
		{FB2CD171-6809-40EB-85D3-650C5B8285BF}.Debug|Any CPU.Build.0 = Debug|Any CPU
		{FB2CD171-6809-40EB-85D3-650C5B8285BF}.Release|Any CPU.ActiveCfg = Release|Any CPU
		{FB2CD171-6809-40EB-85D3-650C5B8285BF}.Release|Any CPU.Build.0 = Release|Any CPU
		{B6B143CA-E602-4BD9-B376-2F3ABB937CCC}.Debug|Any CPU.ActiveCfg = Debug|Any CPU
		{B6B143CA-E602-4BD9-B376-2F3ABB937CCC}.Debug|Any CPU.Build.0 = Debug|Any CPU
		{B6B143CA-E602-4BD9-B376-2F3ABB937CCC}.Release|Any CPU.ActiveCfg = Release|Any CPU
		{B6B143CA-E602-4BD9-B376-2F3ABB937CCC}.Release|Any CPU.Build.0 = Release|Any CPU
	EndGlobalSection
	GlobalSection(SolutionProperties) = preSolution
		HideSolutionNode = FALSE
	EndGlobalSection
	GlobalSection(ExtensibilityGlobals) = postSolution
		SolutionGuid = {765F61B4-9786-45A3-B9E2-0482CE4C2043}
	EndGlobalSection
EndGlobal
